
Microsoft Visual Studio Solution File, Format Version 12.00
# Visual Studio 15
VisualStudioVersion = 15.0.28010.2041
MinimumVisualStudioVersion = 10.0.40219.1
Project("{FAE04EC0-301F-11D3-BF4B-00C04F79EFBC}") = "CookingBook", "CookingBook\CookingBook.csproj", "{0DC5CDA6-85C8-4166-9308-0D887562C502}"
EndProject
Global
	GlobalSection(SolutionConfigurationPlatforms) = preSolution
		Debug|Any CPU = Debug|Any CPU
		Release|Any CPU = Release|Any CPU
	EndGlobalSection
	GlobalSection(ProjectConfigurationPlatforms) = postSolution
		{0DC5CDA6-85C8-4166-9308-0D887562C502}.Debug|Any CPU.ActiveCfg = Debug|Any CPU
		{0DC5CDA6-85C8-4166-9308-0D887562C502}.Debug|Any CPU.Build.0 = Debug|Any CPU
		{0DC5CDA6-85C8-4166-9308-0D887562C502}.Release|Any CPU.ActiveCfg = Release|Any CPU
		{0DC5CDA6-85C8-4166-9308-0D887562C502}.Release|Any CPU.Build.0 = Release|Any CPU
	EndGlobalSection
	GlobalSection(SolutionProperties) = preSolution
		HideSolutionNode = FALSE
	EndGlobalSection
	GlobalSection(ExtensibilityGlobals) = postSolution
		SolutionGuid = {24E8BF0E-E7BD-43D0-8085-9AD76E3F4358}
	EndGlobalSection
EndGlobal
